<?xml version="1.0" encoding="utf-8"?>
<Project ToolsVersion="4.0" xmlns="http://schemas.microsoft.com/developer/msbuild/2003">
  <ItemGroup>
    <Filter Include="Source Files">
      <UniqueIdentifier>{4FC737F1-C7A5-4376-A066-2A32D752A2FF}</UniqueIdentifier>
      <Extensions>cpp;c;cc;cxx;c++;cppm;ixx;def;odl;idl;hpj;bat;asm;asmx</Extensions>
    </Filter>
    <Filter Include="Header Files">
      <UniqueIdentifier>{93995380-89BD-4b04-88EB-625FBE52EBFB}</UniqueIdentifier>
      <Extensions>h;hh;hpp;hxx;h++;hm;inl;inc;ipp;xsd</Extensions>
    </Filter>
    <Filter Include="Resource Files">
      <UniqueIdentifier>{67DA6AB6-F800-4c08-8B7A-83BB121AAD01}</UniqueIdentifier>
      <Extensions>rc;ico;cur;bmp;dlg;rc2;rct;bin;rgs;gif;jpg;jpeg;jpe;resx;tiff;tif;png;wav;mfcribbon-ms</Extensions>
    </Filter>
    <Filter Include="Precompiled Header">
      <UniqueIdentifier>{402b04c6-17c1-452f-bca4-65fe104e4dd8}</UniqueIdentifier>
    </Filter>
    <Filter Include="Interface">
      <UniqueIdentifier>{43a3d1b4-9687-4bd2-a35f-d05fe9e121f9}</UniqueIdentifier>
    </Filter>
    <Filter Include="Source Files\Engine">
      <UniqueIdentifier>{563ddc09-4294-4be4-8cc7-208d695d862d}</UniqueIdentifier>
    </Filter>
    <Filter Include="Source Files\Main">
      <UniqueIdentifier>{a154f091-de60-45c0-ab4b-4dbbbcb0b917}</UniqueIdentifier>
    </Filter>
    <Filter Include="Source Files\Manager">
      <UniqueIdentifier>{e5ff74fd-18a0-4e03-bc41-989682524065}</UniqueIdentifier>
    </Filter>
    <Filter Include="Source Files\World">
      <UniqueIdentifier>{15538eef-6d16-4b39-9048-f205560dc95c}</UniqueIdentifier>
    </Filter>
    <Filter Include="Source Files\Actor">
      <UniqueIdentifier>{d94abd63-bdec-4ccc-a9de-2d3906c1b368}</UniqueIdentifier>
    </Filter>
    <Filter Include="Source Files\Level">
      <UniqueIdentifier>{ca238cca-67c2-442b-b272-359cb178dd6e}</UniqueIdentifier>
    </Filter>
    <Filter Include="Source Files\StartUp">
      <UniqueIdentifier>{09f27d5a-85b2-403e-8811-033cf2a1eb82}</UniqueIdentifier>
    </Filter>
    <Filter Include="Source Files\Graphics">
      <UniqueIdentifier>{94168407-658e-4754-a783-df63e0303040}</UniqueIdentifier>
    </Filter>
    <Filter Include="Source Files\Actor\Light">
      <UniqueIdentifier>{1e6e41c0-8f1f-4d5b-b178-2447b4105718}</UniqueIdentifier>
    </Filter>
    <Filter Include="Source Files\Component">
      <UniqueIdentifier>{b2175ee2-52bd-4faa-8458-61fc1c6edd75}</UniqueIdentifier>
    </Filter>
    <Filter Include="Source Files\Component\RenderComponent">
      <UniqueIdentifier>{0ee59b9b-733d-49dc-b14c-4eab904a7ac0}</UniqueIdentifier>
    </Filter>
    <Filter Include="Source Files\Component\Transform">
      <UniqueIdentifier>{c5f06b07-d3ba-44d5-b5ad-babf8fd96da4}</UniqueIdentifier>
    </Filter>
    <Filter Include="Source Files\Graphics\Generator">
      <UniqueIdentifier>{3589f1c8-6e82-43bf-9c5e-254d45268f12}</UniqueIdentifier>
    </Filter>
    <Filter Include="Source Files\Actor\Camera">
      <UniqueIdentifier>{d9fc05ca-5bf2-4814-b2e5-6f954e1800fb}</UniqueIdentifier>
    </Filter>
    <Filter Include="Source Files\Manager\GraphicsManager">
      <UniqueIdentifier>{4f929b8f-e4bb-4425-b02c-a2b4715d3128}</UniqueIdentifier>
    </Filter>
    <Filter Include="Source Files\Component\BoundVolume">
      <UniqueIdentifier>{fda48a9c-d09b-4392-83eb-db9b0658ba8f}</UniqueIdentifier>
    </Filter>
    <Filter Include="Source Files\ActorPicker">
      <UniqueIdentifier>{2e754504-9966-4a77-9eb7-3ceb07170912}</UniqueIdentifier>
    </Filter>
    <Filter Include="Source Files\Component\ParticleSystem">
      <UniqueIdentifier>{6664351a-eda3-48a0-b64d-a19e62e97f5a}</UniqueIdentifier>
    </Filter>
    <Filter Include="Common">
      <UniqueIdentifier>{ef6808b8-b970-469a-8264-744640894f1a}</UniqueIdentifier>
    </Filter>
    <Filter Include="Source Files\Actor\Player">
      <UniqueIdentifier>{d2fb2290-0889-4ddd-9d08-d3088fb95279}</UniqueIdentifier>
    </Filter>
    <Filter Include="Source Files\FBX">
      <UniqueIdentifier>{8b09a7ae-7e33-4c1f-9062-ec68c9bec508}</UniqueIdentifier>
    </Filter>
    <Filter Include="Interface\Renderer">
      <UniqueIdentifier>{17feca84-0cee-4f89-ac63-93016f4e79c8}</UniqueIdentifier>
    </Filter>
    <Filter Include="Interface\Application">
      <UniqueIdentifier>{0d83fe3f-91cb-437c-ab8b-a7dbe6a9e8ac}</UniqueIdentifier>
    </Filter>
    <Filter Include="Interface\FBXImporter">
      <UniqueIdentifier>{3dd8f2e0-57b9-433d-9e9d-6b4f27680c09}</UniqueIdentifier>
    </Filter>
    <Filter Include="Interface\Editor">
      <UniqueIdentifier>{bd4fc70c-f506-476f-bdac-6a8337cb845f}</UniqueIdentifier>
    </Filter>
    <Filter Include="Source Files\Renderer">
      <UniqueIdentifier>{9ed02d26-de20-42fa-9015-3b0c24af4f85}</UniqueIdentifier>
    </Filter>
    <Filter Include="Source Files\Application">
      <UniqueIdentifier>{84956872-881c-4dbe-8874-33c949c18b36}</UniqueIdentifier>
    </Filter>
  </ItemGroup>
  <ItemGroup>
    <ClInclude Include="Engine.h">
      <Filter>Source Files\Engine</Filter>
    </ClInclude>
    <ClInclude Include="stdafx.h">
      <Filter>Precompiled Header</Filter>
    </ClInclude>
    <ClInclude Include="InputManager.h">
      <Filter>Source Files\Manager</Filter>
    </ClInclude>
    <ClInclude Include="Actor.h">
      <Filter>Source Files\Actor</Filter>
    </ClInclude>
    <ClInclude Include="Level.h">
      <Filter>Source Files\Level</Filter>
    </ClInclude>
    <ClInclude Include="World.h">
      <Filter>Source Files\World</Filter>
    </ClInclude>
    <ClInclude Include="TimeManager.h">
      <Filter>Source Files\Manager</Filter>
    </ClInclude>
    <ClInclude Include="StartUp.h">
      <Filter>Source Files\StartUp</Filter>
    </ClInclude>
    <ClInclude Include="RenderComponent.h">
      <Filter>Source Files\Component\RenderComponent</Filter>
    </ClInclude>
    <ClInclude Include="Transform.h">
      <Filter>Source Files\Component\Transform</Filter>
    </ClInclude>
    <ClInclude Include="Light.h">
      <Filter>Source Files\Actor\Light</Filter>
    </ClInclude>
    <ClInclude Include="SpotLight.h">
      <Filter>Source Files\Actor\Light</Filter>
    </ClInclude>
    <ClInclude Include="GeometryGenerator.h">
      <Filter>Source Files\Graphics\Generator</Filter>
    </ClInclude>
    <ClInclude Include="DirectionLight.h">
      <Filter>Source Files\Actor\Light</Filter>
    </ClInclude>
    <ClInclude Include="PointLight.h">
      <Filter>Source Files\Actor\Light</Filter>
    </ClInclude>
    <ClInclude Include="Camera.h">
      <Filter>Source Files\Actor\Camera</Filter>
    </ClInclude>
    <ClInclude Include="MeshManager.h">
      <Filter>Source Files\Manager\GraphicsManager</Filter>
    </ClInclude>
    <ClInclude Include="BoundVolume.h">
      <Filter>Source Files\Component\BoundVolume</Filter>
    </ClInclude>
    <ClInclude Include="RasterizerManager.h">
      <Filter>Source Files\Manager\GraphicsManager</Filter>
    </ClInclude>
    <ClInclude Include="MaterialManager.h">
      <Filter>Source Files\Manager\GraphicsManager</Filter>
    </ClInclude>
    <ClInclude Include="TextureManager.h">
      <Filter>Source Files\Manager\GraphicsManager</Filter>
    </ClInclude>
    <ClInclude Include="ActorPicker.h">
      <Filter>Source Files\ActorPicker</Filter>
    </ClInclude>
    <ClInclude Include="ParticleComponent.h">
      <Filter>Source Files\Component\ParticleSystem</Filter>
    </ClInclude>
    <ClInclude Include="..\..\Common\GeometryType\GeometryType.h">
      <Filter>Common</Filter>
    </ClInclude>
    <ClInclude Include="..\..\Common\MathType\MathType.h">
      <Filter>Common</Filter>
    </ClInclude>
    <ClInclude Include="..\..\Common\VertexType\VertexType.h">
      <Filter>Common</Filter>
    </ClInclude>
    <ClInclude Include="..\..\Common\Asset\Model.h">
      <Filter>Common</Filter>
    </ClInclude>
    <ClInclude Include="..\..\Common\Asset\Animation.h">
      <Filter>Common</Filter>
    </ClInclude>
    <ClInclude Include="FBXManager.h">
      <Filter>Source Files\FBX</Filter>
    </ClInclude>
    <ClInclude Include="Player.h">
      <Filter>Source Files\Actor\Player</Filter>
    </ClInclude>
    <ClInclude Include="..\..\Interface\Renderer\IRenderer.h">
      <Filter>Interface\Renderer</Filter>
    </ClInclude>
    <ClInclude Include="..\..\Interface\Application\IApplication.h">
      <Filter>Interface\Application</Filter>
    </ClInclude>
    <ClInclude Include="..\..\Interface\FBXImporter\IFBXImporter.h">
      <Filter>Interface\FBXImporter</Filter>
    </ClInclude>
    <ClInclude Include="..\..\Interface\EditorBindObject\IEditorBindObject.h">
      <Filter>Interface\Editor</Filter>
    </ClInclude>
    <ClInclude Include="..\..\Interface\Editor\IEditor.h">
      <Filter>Interface\Editor</Filter>
    </ClInclude>
    <ClInclude Include="..\..\Interface\Renderer\IMaterial.h">
      <Filter>Interface\Renderer</Filter>
    </ClInclude>
    <ClInclude Include="..\..\Interface\Renderer\IMesh.h">
      <Filter>Interface\Renderer</Filter>
    </ClInclude>
    <ClInclude Include="..\..\Interface\Renderer\IParticle.h">
      <Filter>Interface\Renderer</Filter>
    </ClInclude>
    <ClInclude Include="..\..\Interface\Renderer\IRasterizer.h">
      <Filter>Interface\Renderer</Filter>
    </ClInclude>
    <ClInclude Include="..\..\Interface\Renderer\IRenderResourceFactory.h">
      <Filter>Interface\Renderer</Filter>
    </ClInclude>
    <ClInclude Include="..\..\Interface\Renderer\ITexture.h">
      <Filter>Interface\Renderer</Filter>
    </ClInclude>
    <ClInclude Include="Renderer.h">
      <Filter>Source Files\Renderer</Filter>
    </ClInclude>
    <ClInclude Include="Application.h">
      <Filter>Source Files\Application</Filter>
    </ClInclude>
  </ItemGroup>
  <ItemGroup>
    <ClCompile Include="Engine.cpp">
      <Filter>Source Files\Engine</Filter>
    </ClCompile>
    <ClCompile Include="stdafx.cpp">
      <Filter>Precompiled Header</Filter>
    </ClCompile>
    <ClCompile Include="dllmain.cpp">
      <Filter>Source Files\Main</Filter>
    </ClCompile>
    <ClCompile Include="InputManager.cpp">
      <Filter>Source Files\Manager</Filter>
    </ClCompile>
    <ClCompile Include="Actor.cpp">
      <Filter>Source Files\Actor</Filter>
    </ClCompile>
    <ClCompile Include="Level.cpp">
      <Filter>Source Files\Level</Filter>
    </ClCompile>
    <ClCompile Include="World.cpp">
      <Filter>Source Files\World</Filter>
    </ClCompile>
    <ClCompile Include="TimeManager.cpp">
      <Filter>Source Files\Manager</Filter>
    </ClCompile>
    <ClCompile Include="RenderComponent.cpp">
      <Filter>Source Files\Component\RenderComponent</Filter>
    </ClCompile>
    <ClCompile Include="Transform.cpp">
      <Filter>Source Files\Component\Transform</Filter>
    </ClCompile>
    <ClCompile Include="Light.cpp">
      <Filter>Source Files\Actor\Light</Filter>
    </ClCompile>
    <ClCompile Include="SpotLight.cpp">
      <Filter>Source Files\Actor\Light</Filter>
    </ClCompile>
    <ClCompile Include="GeometryGenerator.cpp">
      <Filter>Source Files\Graphics\Generator</Filter>
    </ClCompile>
    <ClCompile Include="DirectionLight.cpp">
      <Filter>Source Files\Actor\Light</Filter>
    </ClCompile>
    <ClCompile Include="PointLight.cpp">
      <Filter>Source Files\Actor\Light</Filter>
    </ClCompile>
    <ClCompile Include="Camera.cpp">
      <Filter>Source Files\Actor\Camera</Filter>
    </ClCompile>
    <ClCompile Include="MeshManager.cpp">
      <Filter>Source Files\Manager\GraphicsManager</Filter>
    </ClCompile>
    <ClCompile Include="BoundVolume.cpp">
      <Filter>Source Files\Component\BoundVolume</Filter>
    </ClCompile>
    <ClCompile Include="RasterizerManager.cpp">
      <Filter>Source Files\Manager\GraphicsManager</Filter>
    </ClCompile>
    <ClCompile Include="MaterialManager.cpp">
      <Filter>Source Files\Manager\GraphicsManager</Filter>
    </ClCompile>
    <ClCompile Include="TextureManager.cpp">
      <Filter>Source Files\Manager\GraphicsManager</Filter>
    </ClCompile>
    <ClCompile Include="ActorPicker.cpp">
      <Filter>Source Files\ActorPicker</Filter>
    </ClCompile>
    <ClCompile Include="ParticleComponent.cpp">
      <Filter>Source Files\Component\ParticleSystem</Filter>
    </ClCompile>
    <ClCompile Include="FBXManager.cpp">
      <Filter>Source Files\FBX</Filter>
    </ClCompile>
    <ClCompile Include="Player.cpp">
      <Filter>Source Files\Actor\Player</Filter>
    </ClCompile>
    <ClCompile Include="Renderer.cpp">
      <Filter>Source Files\Renderer</Filter>
    </ClCompile>
    <ClCompile Include="Application.cpp">
      <Filter>Source Files\Application</Filter>
    </ClCompile>
  </ItemGroup>
</Project>