<?xml version="1.0" encoding="utf-8"?>
<Project ToolsVersion="4.0" xmlns="http://schemas.microsoft.com/developer/msbuild/2003">
  <ItemGroup>
    <Filter Include="Source Files">
      <UniqueIdentifier>{4FC737F1-C7A5-4376-A066-2A32D752A2FF}</UniqueIdentifier>
      <Extensions>cpp;c;cc;cxx;c++;cppm;ixx;def;odl;idl;hpj;bat;asm;asmx</Extensions>
    </Filter>
    <Filter Include="Header Files">
      <UniqueIdentifier>{93995380-89BD-4b04-88EB-625FBE52EBFB}</UniqueIdentifier>
      <Extensions>h;hh;hpp;hxx;h++;hm;inl;inc;ipp;xsd</Extensions>
    </Filter>
    <Filter Include="Resource Files">
      <UniqueIdentifier>{67DA6AB6-F800-4c08-8B7A-83BB121AAD01}</UniqueIdentifier>
      <Extensions>rc;ico;cur;bmp;dlg;rc2;rct;bin;rgs;gif;jpg;jpeg;jpe;resx;tiff;tif;png;wav;mfcribbon-ms</Extensions>
    </Filter>
    <Filter Include="Precompiled Header">
      <UniqueIdentifier>{402b04c6-17c1-452f-bca4-65fe104e4dd8}</UniqueIdentifier>
    </Filter>
    <Filter Include="Interface">
      <UniqueIdentifier>{43a3d1b4-9687-4bd2-a35f-d05fe9e121f9}</UniqueIdentifier>
    </Filter>
    <Filter Include="Source Files\Engine">
      <UniqueIdentifier>{563ddc09-4294-4be4-8cc7-208d695d862d}</UniqueIdentifier>
    </Filter>
    <Filter Include="Source Files\Main">
      <UniqueIdentifier>{a154f091-de60-45c0-ab4b-4dbbbcb0b917}</UniqueIdentifier>
    </Filter>
    <Filter Include="Source Files\Manager">
      <UniqueIdentifier>{e5ff74fd-18a0-4e03-bc41-989682524065}</UniqueIdentifier>
    </Filter>
    <Filter Include="Resource Files\Shader">
      <UniqueIdentifier>{58bbbbf2-bf6b-4326-9f6b-6c9e74b5ffb1}</UniqueIdentifier>
    </Filter>
    <Filter Include="Source Files\World">
      <UniqueIdentifier>{15538eef-6d16-4b39-9048-f205560dc95c}</UniqueIdentifier>
    </Filter>
    <Filter Include="Source Files\Actor">
      <UniqueIdentifier>{d94abd63-bdec-4ccc-a9de-2d3906c1b368}</UniqueIdentifier>
    </Filter>
    <Filter Include="Source Files\Level">
      <UniqueIdentifier>{ca238cca-67c2-442b-b272-359cb178dd6e}</UniqueIdentifier>
    </Filter>
    <Filter Include="Source Files\StartUp">
      <UniqueIdentifier>{09f27d5a-85b2-403e-8811-033cf2a1eb82}</UniqueIdentifier>
    </Filter>
    <Filter Include="Source Files\Graphics">
      <UniqueIdentifier>{94168407-658e-4754-a783-df63e0303040}</UniqueIdentifier>
    </Filter>
    <Filter Include="Source Files\Actor\Light">
      <UniqueIdentifier>{1e6e41c0-8f1f-4d5b-b178-2447b4105718}</UniqueIdentifier>
    </Filter>
    <Filter Include="Source Files\Component">
      <UniqueIdentifier>{b2175ee2-52bd-4faa-8458-61fc1c6edd75}</UniqueIdentifier>
    </Filter>
    <Filter Include="Source Files\Component\RenderComponent">
      <UniqueIdentifier>{0ee59b9b-733d-49dc-b14c-4eab904a7ac0}</UniqueIdentifier>
    </Filter>
    <Filter Include="Source Files\Component\Transform">
      <UniqueIdentifier>{c5f06b07-d3ba-44d5-b5ad-babf8fd96da4}</UniqueIdentifier>
    </Filter>
    <Filter Include="Source Files\Graphics\Generator">
      <UniqueIdentifier>{3589f1c8-6e82-43bf-9c5e-254d45268f12}</UniqueIdentifier>
    </Filter>
    <Filter Include="Resource Files\Shader\Deferred">
      <UniqueIdentifier>{3df7eb9b-626f-4854-8428-8bd0f591e6d7}</UniqueIdentifier>
    </Filter>
    <Filter Include="Resource Files\Shader\ScreenMerge">
      <UniqueIdentifier>{efb687ac-e933-4f94-a244-86aef18f5f92}</UniqueIdentifier>
    </Filter>
    <Filter Include="Resource Files\Shader\Forward">
      <UniqueIdentifier>{c346e3ef-7de6-4cfa-8352-65d800c5be1b}</UniqueIdentifier>
    </Filter>
    <Filter Include="Source Files\Actor\Camera">
      <UniqueIdentifier>{d9fc05ca-5bf2-4814-b2e5-6f954e1800fb}</UniqueIdentifier>
    </Filter>
    <Filter Include="Source Files\Manager\GraphicsManager">
      <UniqueIdentifier>{4f929b8f-e4bb-4425-b02c-a2b4715d3128}</UniqueIdentifier>
    </Filter>
    <Filter Include="Source Files\Component\BoundVolume">
      <UniqueIdentifier>{fda48a9c-d09b-4392-83eb-db9b0658ba8f}</UniqueIdentifier>
    </Filter>
    <Filter Include="Source Files\ObjectPicker">
      <UniqueIdentifier>{2e754504-9966-4a77-9eb7-3ceb07170912}</UniqueIdentifier>
    </Filter>
    <Filter Include="Source Files\DebugRender">
      <UniqueIdentifier>{583bb9ca-ad96-4467-8f9f-74ab2effd5ca}</UniqueIdentifier>
    </Filter>
  </ItemGroup>
  <ItemGroup>
    <ClInclude Include="Engine.h">
      <Filter>Source Files\Engine</Filter>
    </ClInclude>
    <ClInclude Include="stdafx.h">
      <Filter>Precompiled Header</Filter>
    </ClInclude>
    <ClInclude Include="..\..\Interface\Application\IApplication.h">
      <Filter>Interface</Filter>
    </ClInclude>
    <ClInclude Include="..\..\Interface\Renderer\IRenderer.h">
      <Filter>Interface</Filter>
    </ClInclude>
    <ClInclude Include="InputManager.h">
      <Filter>Source Files\Manager</Filter>
    </ClInclude>
    <ClInclude Include="Actor.h">
      <Filter>Source Files\Actor</Filter>
    </ClInclude>
    <ClInclude Include="Level.h">
      <Filter>Source Files\Level</Filter>
    </ClInclude>
    <ClInclude Include="World.h">
      <Filter>Source Files\World</Filter>
    </ClInclude>
    <ClInclude Include="TimeManager.h">
      <Filter>Source Files\Manager</Filter>
    </ClInclude>
    <ClInclude Include="StartUp.h">
      <Filter>Source Files\StartUp</Filter>
    </ClInclude>
    <ClInclude Include="RenderComponent.h">
      <Filter>Source Files\Component\RenderComponent</Filter>
    </ClInclude>
    <ClInclude Include="Transform.h">
      <Filter>Source Files\Component\Transform</Filter>
    </ClInclude>
    <ClInclude Include="Light.h">
      <Filter>Source Files\Actor\Light</Filter>
    </ClInclude>
    <ClInclude Include="SpotLight.h">
      <Filter>Source Files\Actor\Light</Filter>
    </ClInclude>
    <ClInclude Include="GeometryGenerator.h">
      <Filter>Source Files\Graphics\Generator</Filter>
    </ClInclude>
    <ClInclude Include="DirectionLight.h">
      <Filter>Source Files\Actor\Light</Filter>
    </ClInclude>
    <ClInclude Include="PointLight.h">
      <Filter>Source Files\Actor\Light</Filter>
    </ClInclude>
    <ClInclude Include="Camera.h">
      <Filter>Source Files\Actor\Camera</Filter>
    </ClInclude>
    <ClInclude Include="..\..\Interface\ImGuiBindObject\IImGuiBindObject.h">
      <Filter>Interface</Filter>
    </ClInclude>
    <ClInclude Include="..\..\Interface\ImGuiModule\IImGuiModule.h">
      <Filter>Interface</Filter>
    </ClInclude>
    <ClInclude Include="ConstantManager.h">
      <Filter>Source Files\Manager\GraphicsManager</Filter>
    </ClInclude>
    <ClInclude Include="MeshManager.h">
      <Filter>Source Files\Manager\GraphicsManager</Filter>
    </ClInclude>
    <ClInclude Include="BoundVolume.h">
      <Filter>Source Files\Component\BoundVolume</Filter>
    </ClInclude>
    <ClInclude Include="..\..\Interface\VertexType\VertexType.h">
      <Filter>Interface</Filter>
    </ClInclude>
    <ClInclude Include="ObjectPicker.h">
      <Filter>Source Files\ObjectPicker</Filter>
    </ClInclude>
    <ClInclude Include="SamplerManager.h">
      <Filter>Source Files\Manager\GraphicsManager</Filter>
    </ClInclude>
    <ClInclude Include="RasterizerManager.h">
      <Filter>Source Files\Manager\GraphicsManager</Filter>
    </ClInclude>
    <ClInclude Include="BlendStateManager.h">
      <Filter>Source Files\Manager\GraphicsManager</Filter>
    </ClInclude>
    <ClInclude Include="MaterialManager.h">
      <Filter>Source Files\Manager\GraphicsManager</Filter>
    </ClInclude>
    <ClInclude Include="TextureManager.h">
      <Filter>Source Files\Manager\GraphicsManager</Filter>
    </ClInclude>
  </ItemGroup>
  <ItemGroup>
    <ClCompile Include="Engine.cpp">
      <Filter>Source Files\Engine</Filter>
    </ClCompile>
    <ClCompile Include="stdafx.cpp">
      <Filter>Precompiled Header</Filter>
    </ClCompile>
    <ClCompile Include="dllmain.cpp">
      <Filter>Source Files\Main</Filter>
    </ClCompile>
    <ClCompile Include="InputManager.cpp">
      <Filter>Source Files\Manager</Filter>
    </ClCompile>
    <ClCompile Include="Actor.cpp">
      <Filter>Source Files\Actor</Filter>
    </ClCompile>
    <ClCompile Include="Level.cpp">
      <Filter>Source Files\Level</Filter>
    </ClCompile>
    <ClCompile Include="World.cpp">
      <Filter>Source Files\World</Filter>
    </ClCompile>
    <ClCompile Include="TimeManager.cpp">
      <Filter>Source Files\Manager</Filter>
    </ClCompile>
    <ClCompile Include="RenderComponent.cpp">
      <Filter>Source Files\Component\RenderComponent</Filter>
    </ClCompile>
    <ClCompile Include="Transform.cpp">
      <Filter>Source Files\Component\Transform</Filter>
    </ClCompile>
    <ClCompile Include="Light.cpp">
      <Filter>Source Files\Actor\Light</Filter>
    </ClCompile>
    <ClCompile Include="SpotLight.cpp">
      <Filter>Source Files\Actor\Light</Filter>
    </ClCompile>
    <ClCompile Include="GeometryGenerator.cpp">
      <Filter>Source Files\Graphics\Generator</Filter>
    </ClCompile>
    <ClCompile Include="DirectionLight.cpp">
      <Filter>Source Files\Actor\Light</Filter>
    </ClCompile>
    <ClCompile Include="PointLight.cpp">
      <Filter>Source Files\Actor\Light</Filter>
    </ClCompile>
    <ClCompile Include="Camera.cpp">
      <Filter>Source Files\Actor\Camera</Filter>
    </ClCompile>
    <ClCompile Include="ConstantManager.cpp">
      <Filter>Source Files\Manager\GraphicsManager</Filter>
    </ClCompile>
    <ClCompile Include="MeshManager.cpp">
      <Filter>Source Files\Manager\GraphicsManager</Filter>
    </ClCompile>
    <ClCompile Include="BoundVolume.cpp">
      <Filter>Source Files\Component\BoundVolume</Filter>
    </ClCompile>
    <ClCompile Include="ObjectPicker.cpp">
      <Filter>Source Files\ObjectPicker</Filter>
    </ClCompile>
    <ClCompile Include="SamplerManager.cpp">
      <Filter>Source Files\Manager\GraphicsManager</Filter>
    </ClCompile>
    <ClCompile Include="RasterizerManager.cpp">
      <Filter>Source Files\Manager\GraphicsManager</Filter>
    </ClCompile>
    <ClCompile Include="BlendStateManager.cpp">
      <Filter>Source Files\Manager\GraphicsManager</Filter>
    </ClCompile>
    <ClCompile Include="MaterialManager.cpp">
      <Filter>Source Files\Manager\GraphicsManager</Filter>
    </ClCompile>
    <ClCompile Include="TextureManager.cpp">
      <Filter>Source Files\Manager\GraphicsManager</Filter>
    </ClCompile>
  </ItemGroup>
  <ItemGroup>
    <FxCompile Include="ScreenMergeVS.hlsl">
      <Filter>Resource Files\Shader\ScreenMerge</Filter>
    </FxCompile>
    <FxCompile Include="ObjectVS.hlsl">
      <Filter>Resource Files\Shader</Filter>
    </FxCompile>
    <FxCompile Include="FowardPS.hlsl">
      <Filter>Resource Files\Shader\Forward</Filter>
    </FxCompile>
    <FxCompile Include="DeferredObjectPS.hlsl">
      <Filter>Resource Files\Shader\Deferred</Filter>
    </FxCompile>
    <FxCompile Include="ScreenMergePS.hlsl">
      <Filter>Resource Files\Shader\ScreenMerge</Filter>
    </FxCompile>
    <FxCompile Include="DeferredLightPS.hlsl">
      <Filter>Resource Files\Shader\Deferred</Filter>
    </FxCompile>
  </ItemGroup>
</Project>