<?xml version="1.0" encoding="utf-8"?>
<Project ToolsVersion="4.0" xmlns="http://schemas.microsoft.com/developer/msbuild/2003">
  <ItemGroup>
    <Filter Include="Source Files">
      <UniqueIdentifier>{4FC737F1-C7A5-4376-A066-2A32D752A2FF}</UniqueIdentifier>
      <Extensions>cpp;c;cc;cxx;c++;cppm;ixx;def;odl;idl;hpj;bat;asm;asmx</Extensions>
    </Filter>
    <Filter Include="Header Files">
      <UniqueIdentifier>{93995380-89BD-4b04-88EB-625FBE52EBFB}</UniqueIdentifier>
      <Extensions>h;hh;hpp;hxx;h++;hm;inl;inc;ipp;xsd</Extensions>
    </Filter>
    <Filter Include="Resource Files">
      <UniqueIdentifier>{67DA6AB6-F800-4c08-8B7A-83BB121AAD01}</UniqueIdentifier>
      <Extensions>rc;ico;cur;bmp;dlg;rc2;rct;bin;rgs;gif;jpg;jpeg;jpe;resx;tiff;tif;png;wav;mfcribbon-ms</Extensions>
    </Filter>
    <Filter Include="PrecompiledHeader">
      <UniqueIdentifier>{2d96040f-226f-4315-a80d-144d084defa8}</UniqueIdentifier>
    </Filter>
    <Filter Include="Source Files\Main">
      <UniqueIdentifier>{004da719-c2f2-44ed-9f4c-f052bea8bb04}</UniqueIdentifier>
    </Filter>
    <Filter Include="Interface">
      <UniqueIdentifier>{a82b6a20-e5b7-4d08-83b7-b58eb6bea1fe}</UniqueIdentifier>
    </Filter>
    <Filter Include="Source Files\Manager">
      <UniqueIdentifier>{19fae0a5-e7ef-4acf-94a3-f9affe483e03}</UniqueIdentifier>
    </Filter>
    <Filter Include="Source Files\Panel">
      <UniqueIdentifier>{0ac76433-0a9a-4676-adb9-95669a8c8a8a}</UniqueIdentifier>
    </Filter>
    <Filter Include="Source Files\Widget">
      <UniqueIdentifier>{d5235163-388b-4477-800e-07133b6155ad}</UniqueIdentifier>
    </Filter>
    <Filter Include="Source Files\ImGui_Impl">
      <UniqueIdentifier>{ca98001a-c635-403b-986f-517443bd33ad}</UniqueIdentifier>
    </Filter>
    <Filter Include="CoreTypes">
      <UniqueIdentifier>{fbda839b-26d8-4800-b288-4aa173c3f174}</UniqueIdentifier>
    </Filter>
  </ItemGroup>
  <ItemGroup>
    <ClInclude Include="stdafx.h">
      <Filter>PrecompiledHeader</Filter>
    </ClInclude>
    <ClInclude Include="..\..\Interface\Application\IApplication.h">
      <Filter>Interface</Filter>
    </ClInclude>
    <ClInclude Include="..\..\Interface\Renderer\IRenderer.h">
      <Filter>Interface</Filter>
    </ClInclude>
    <ClInclude Include="ImGuiManager.h">
      <Filter>Source Files\Manager</Filter>
    </ClInclude>
    <ClInclude Include="ImGuiTextureWidget.h">
      <Filter>Source Files\Widget</Filter>
    </ClInclude>
    <ClInclude Include="ImGuiWidget.h">
      <Filter>Source Files\Widget</Filter>
    </ClInclude>
    <ClInclude Include="GBufferViewer.h">
      <Filter>Source Files\Panel</Filter>
    </ClInclude>
    <ClInclude Include="ImGuiPanel.h">
      <Filter>Source Files\Panel</Filter>
    </ClInclude>
    <ClInclude Include="ExitPopup.h">
      <Filter>Source Files\Panel</Filter>
    </ClInclude>
    <ClInclude Include="..\..\Interface\ImGuiBindObject\IImGuiBindObject.h">
      <Filter>Interface</Filter>
    </ClInclude>
    <ClInclude Include="..\..\Interface\ImGuiModule\IImGuiModule.h">
      <Filter>Interface</Filter>
    </ClInclude>
    <ClInclude Include="..\..\ThirdParty\ImGui\imconfig.h">
      <Filter>Source Files\ImGui_Impl</Filter>
    </ClInclude>
    <ClInclude Include="..\..\ThirdParty\ImGui\imgui.h">
      <Filter>Source Files\ImGui_Impl</Filter>
    </ClInclude>
    <ClInclude Include="..\..\ThirdParty\ImGui\imgui_impl_dx11.h">
      <Filter>Source Files\ImGui_Impl</Filter>
    </ClInclude>
    <ClInclude Include="..\..\ThirdParty\ImGui\imgui_impl_win32.h">
      <Filter>Source Files\ImGui_Impl</Filter>
    </ClInclude>
    <ClInclude Include="..\..\ThirdParty\ImGui\imgui_internal.h">
      <Filter>Source Files\ImGui_Impl</Filter>
    </ClInclude>
    <ClInclude Include="..\..\ThirdParty\ImGui\imstb_rectpack.h">
      <Filter>Source Files\ImGui_Impl</Filter>
    </ClInclude>
    <ClInclude Include="..\..\ThirdParty\ImGui\imstb_textedit.h">
      <Filter>Source Files\ImGui_Impl</Filter>
    </ClInclude>
    <ClInclude Include="..\..\ThirdParty\ImGui\imstb_truetype.h">
      <Filter>Source Files\ImGui_Impl</Filter>
    </ClInclude>
    <ClInclude Include="..\..\CoreTypes\VertexType\VertexType.h">
      <Filter>CoreTypes</Filter>
    </ClInclude>
  </ItemGroup>
  <ItemGroup>
    <ClCompile Include="dllmain.cpp">
      <Filter>Source Files\Main</Filter>
    </ClCompile>
    <ClCompile Include="stdafx.cpp">
      <Filter>PrecompiledHeader</Filter>
    </ClCompile>
    <ClCompile Include="ImGuiManager.cpp">
      <Filter>Source Files\Manager</Filter>
    </ClCompile>
    <ClCompile Include="ImGuiTextureWidget.cpp">
      <Filter>Source Files\Widget</Filter>
    </ClCompile>
    <ClCompile Include="ImGuiWidget.cpp">
      <Filter>Source Files\Widget</Filter>
    </ClCompile>
    <ClCompile Include="GBufferViewer.cpp">
      <Filter>Source Files\Panel</Filter>
    </ClCompile>
    <ClCompile Include="ImGuiPanel.cpp">
      <Filter>Source Files\Panel</Filter>
    </ClCompile>
    <ClCompile Include="ExitPopup.cpp">
      <Filter>Source Files\Panel</Filter>
    </ClCompile>
    <ClCompile Include="..\..\ThirdParty\ImGui\imgui.cpp">
      <Filter>Source Files\ImGui_Impl</Filter>
    </ClCompile>
    <ClCompile Include="..\..\ThirdParty\ImGui\imgui_demo.cpp">
      <Filter>Source Files\ImGui_Impl</Filter>
    </ClCompile>
    <ClCompile Include="..\..\ThirdParty\ImGui\imgui_draw.cpp">
      <Filter>Source Files\ImGui_Impl</Filter>
    </ClCompile>
    <ClCompile Include="..\..\ThirdParty\ImGui\imgui_impl_dx11.cpp">
      <Filter>Source Files\ImGui_Impl</Filter>
    </ClCompile>
    <ClCompile Include="..\..\ThirdParty\ImGui\imgui_impl_win32.cpp">
      <Filter>Source Files\ImGui_Impl</Filter>
    </ClCompile>
    <ClCompile Include="..\..\ThirdParty\ImGui\imgui_tables.cpp">
      <Filter>Source Files\ImGui_Impl</Filter>
    </ClCompile>
    <ClCompile Include="..\..\ThirdParty\ImGui\imgui_widgets.cpp">
      <Filter>Source Files\ImGui_Impl</Filter>
    </ClCompile>
  </ItemGroup>
</Project>