<?xml version="1.0" encoding="utf-8"?>
<Project ToolsVersion="4.0" xmlns="http://schemas.microsoft.com/developer/msbuild/2003">
  <ItemGroup>
    <Filter Include="Source Files">
      <UniqueIdentifier>{4FC737F1-C7A5-4376-A066-2A32D752A2FF}</UniqueIdentifier>
      <Extensions>cpp;c;cc;cxx;c++;cppm;ixx;def;odl;idl;hpj;bat;asm;asmx</Extensions>
    </Filter>
    <Filter Include="Header Files">
      <UniqueIdentifier>{93995380-89BD-4b04-88EB-625FBE52EBFB}</UniqueIdentifier>
      <Extensions>h;hh;hpp;hxx;h++;hm;inl;inc;ipp;xsd</Extensions>
    </Filter>
    <Filter Include="Resource Files">
      <UniqueIdentifier>{67DA6AB6-F800-4c08-8B7A-83BB121AAD01}</UniqueIdentifier>
      <Extensions>rc;ico;cur;bmp;dlg;rc2;rct;bin;rgs;gif;jpg;jpeg;jpe;resx;tiff;tif;png;wav;mfcribbon-ms</Extensions>
    </Filter>
    <Filter Include="Precompiled Header">
      <UniqueIdentifier>{c7f72a5c-d020-47a0-8917-e3f14425d1b1}</UniqueIdentifier>
    </Filter>
    <Filter Include="Interface">
      <UniqueIdentifier>{079923c1-3509-46fe-a1c2-075f54a2eed3}</UniqueIdentifier>
    </Filter>
    <Filter Include="Source Files\Main">
      <UniqueIdentifier>{9d0942b1-34fe-4929-bb74-929e26a710b1}</UniqueIdentifier>
    </Filter>
    <Filter Include="Source Files\Texture">
      <UniqueIdentifier>{f11a2cae-7041-4461-98ec-123a01b48168}</UniqueIdentifier>
    </Filter>
    <Filter Include="Source Files\Renderer">
      <UniqueIdentifier>{b5546a92-9c00-44dc-9845-3e1340611cb8}</UniqueIdentifier>
    </Filter>
    <Filter Include="Source Files\Layout">
      <UniqueIdentifier>{cbef7a77-735f-429f-a047-cd0d15e1677b}</UniqueIdentifier>
    </Filter>
    <Filter Include="Source Files\Shader">
      <UniqueIdentifier>{7c5da77f-27f9-4527-90da-9f3b73ab0602}</UniqueIdentifier>
    </Filter>
    <Filter Include="Source Files\Rasterizer">
      <UniqueIdentifier>{1aef9740-edc9-49e0-bea4-978dd6c9554c}</UniqueIdentifier>
    </Filter>
    <Filter Include="Source Files\Constant">
      <UniqueIdentifier>{21c6ea67-e3d9-4ca3-a179-d51a63f6f5e8}</UniqueIdentifier>
    </Filter>
    <Filter Include="Source Files\Mesh">
      <UniqueIdentifier>{183def21-a8fd-4838-818f-944b4af7960c}</UniqueIdentifier>
    </Filter>
    <Filter Include="Source Files\Material">
      <UniqueIdentifier>{5d59ba40-a1c0-4293-b587-76dfaa2ae70c}</UniqueIdentifier>
    </Filter>
    <Filter Include="Source Files\SamplerState">
      <UniqueIdentifier>{68e458d7-76d0-45f3-9723-5f9b775c9690}</UniqueIdentifier>
    </Filter>
    <Filter Include="Source Files\RenderTarget">
      <UniqueIdentifier>{847b08a2-6ad4-4ffc-93a7-e335bfa0c95f}</UniqueIdentifier>
    </Filter>
    <Filter Include="Source Files\BlendState">
      <UniqueIdentifier>{68b0ed3b-27ae-43f8-ac8a-08b82caddf26}</UniqueIdentifier>
    </Filter>
    <Filter Include="Source Files\View">
      <UniqueIdentifier>{ad9a3518-5415-4110-870a-57b5cf674286}</UniqueIdentifier>
    </Filter>
  </ItemGroup>
  <ItemGroup>
    <ClInclude Include="stdafx.h">
      <Filter>Precompiled Header</Filter>
    </ClInclude>
    <ClInclude Include="D3D11Renderer.h">
      <Filter>Source Files\Renderer</Filter>
    </ClInclude>
    <ClInclude Include="Texture.h">
      <Filter>Source Files\Texture</Filter>
    </ClInclude>
    <ClInclude Include="..\..\Interface\Renderer\IRenderer.h">
      <Filter>Interface</Filter>
    </ClInclude>
    <ClInclude Include="Mesh.h">
      <Filter>Source Files\Mesh</Filter>
    </ClInclude>
    <ClInclude Include="BaseShader.h">
      <Filter>Source Files\Shader</Filter>
    </ClInclude>
    <ClInclude Include="VertexShader.h">
      <Filter>Source Files\Shader</Filter>
    </ClInclude>
    <ClInclude Include="PixelShader.h">
      <Filter>Source Files\Shader</Filter>
    </ClInclude>
    <ClInclude Include="InputLayout.h">
      <Filter>Source Files\Layout</Filter>
    </ClInclude>
    <ClInclude Include="SamplerState.h">
      <Filter>Source Files\SamplerState</Filter>
    </ClInclude>
    <ClInclude Include="Rasterizer.h">
      <Filter>Source Files\Rasterizer</Filter>
    </ClInclude>
    <ClInclude Include="ConstantBuffer.h">
      <Filter>Source Files\Constant</Filter>
    </ClInclude>
    <ClInclude Include="Material.h">
      <Filter>Source Files\Material</Filter>
    </ClInclude>
    <ClInclude Include="RenderTarget.h">
      <Filter>Source Files\RenderTarget</Filter>
    </ClInclude>
    <ClInclude Include="DeferredTarget.h">
      <Filter>Source Files\RenderTarget</Filter>
    </ClInclude>
    <ClInclude Include="BlendState.h">
      <Filter>Source Files\BlendState</Filter>
    </ClInclude>
    <ClInclude Include="RenderTargetView.h">
      <Filter>Source Files\View</Filter>
    </ClInclude>
    <ClInclude Include="DepthStencilView.h">
      <Filter>Source Files\View</Filter>
    </ClInclude>
    <ClInclude Include="ShaderResourceView.h">
      <Filter>Source Files\View</Filter>
    </ClInclude>
  </ItemGroup>
  <ItemGroup>
    <ClCompile Include="stdafx.cpp">
      <Filter>Precompiled Header</Filter>
    </ClCompile>
    <ClCompile Include="D3D11Renderer.cpp">
      <Filter>Source Files\Renderer</Filter>
    </ClCompile>
    <ClCompile Include="Texture.cpp">
      <Filter>Source Files\Texture</Filter>
    </ClCompile>
    <ClCompile Include="dllmain.cpp">
      <Filter>Source Files\Main</Filter>
    </ClCompile>
    <ClCompile Include="Mesh.cpp">
      <Filter>Source Files\Mesh</Filter>
    </ClCompile>
    <ClCompile Include="BaseShader.cpp">
      <Filter>Source Files\Shader</Filter>
    </ClCompile>
    <ClCompile Include="VertexShader.cpp">
      <Filter>Source Files\Shader</Filter>
    </ClCompile>
    <ClCompile Include="PixelShader.cpp">
      <Filter>Source Files\Shader</Filter>
    </ClCompile>
    <ClCompile Include="InputLayout.cpp">
      <Filter>Source Files\Layout</Filter>
    </ClCompile>
    <ClCompile Include="SamplerState.cpp">
      <Filter>Source Files\SamplerState</Filter>
    </ClCompile>
    <ClCompile Include="Rasterizer.cpp">
      <Filter>Source Files\Rasterizer</Filter>
    </ClCompile>
    <ClCompile Include="ConstantBuffer.cpp">
      <Filter>Source Files\Constant</Filter>
    </ClCompile>
    <ClCompile Include="Material.cpp">
      <Filter>Source Files\Material</Filter>
    </ClCompile>
    <ClCompile Include="RenderTarget.cpp">
      <Filter>Source Files\RenderTarget</Filter>
    </ClCompile>
    <ClCompile Include="DeferredTarget.cpp">
      <Filter>Source Files\RenderTarget</Filter>
    </ClCompile>
    <ClCompile Include="BlendState.cpp">
      <Filter>Source Files\BlendState</Filter>
    </ClCompile>
    <ClCompile Include="RenderTargetView.cpp">
      <Filter>Source Files\View</Filter>
    </ClCompile>
    <ClCompile Include="DepthStencilView.cpp">
      <Filter>Source Files\View</Filter>
    </ClCompile>
    <ClCompile Include="ShaderResourceView.cpp">
      <Filter>Source Files\View</Filter>
    </ClCompile>
  </ItemGroup>
</Project>