<?xml version="1.0" encoding="utf-8"?>
<Project ToolsVersion="4.0" xmlns="http://schemas.microsoft.com/developer/msbuild/2003">
  <ItemGroup>
    <Filter Include="Source Files">
      <UniqueIdentifier>{4FC737F1-C7A5-4376-A066-2A32D752A2FF}</UniqueIdentifier>
      <Extensions>cpp;c;cc;cxx;c++;cppm;ixx;def;odl;idl;hpj;bat;asm;asmx</Extensions>
    </Filter>
    <Filter Include="Header Files">
      <UniqueIdentifier>{93995380-89BD-4b04-88EB-625FBE52EBFB}</UniqueIdentifier>
      <Extensions>h;hh;hpp;hxx;h++;hm;inl;inc;ipp;xsd</Extensions>
    </Filter>
    <Filter Include="Resource Files">
      <UniqueIdentifier>{67DA6AB6-F800-4c08-8B7A-83BB121AAD01}</UniqueIdentifier>
      <Extensions>rc;ico;cur;bmp;dlg;rc2;rct;bin;rgs;gif;jpg;jpeg;jpe;resx;tiff;tif;png;wav;mfcribbon-ms</Extensions>
    </Filter>
    <Filter Include="Precompiled Header">
      <UniqueIdentifier>{83742da0-47d9-4cc2-ae4a-cbb80903a7d1}</UniqueIdentifier>
    </Filter>
    <Filter Include="Source Files\Main">
      <UniqueIdentifier>{9fc7896c-03f9-4606-8ffb-dcf5738df231}</UniqueIdentifier>
    </Filter>
    <Filter Include="Interface">
      <UniqueIdentifier>{a8f0fb1c-3b5a-44b9-8efa-4c49ee7befee}</UniqueIdentifier>
    </Filter>
    <Filter Include="Source Files\Importer">
      <UniqueIdentifier>{3e28b7fe-defc-41f1-b1b2-17af2cc80701}</UniqueIdentifier>
    </Filter>
    <Filter Include="Source Files\SceneInfo">
      <UniqueIdentifier>{457d136a-b8bf-4d6c-a438-1884362358b3}</UniqueIdentifier>
    </Filter>
    <Filter Include="Common">
      <UniqueIdentifier>{b529b116-f42a-4bef-b361-5beb1d8ed7ba}</UniqueIdentifier>
    </Filter>
  </ItemGroup>
  <ItemGroup>
    <ClInclude Include="stdafx.h">
      <Filter>Precompiled Header</Filter>
    </ClInclude>
    <ClInclude Include="FBXImporter.h">
      <Filter>Source Files\Importer</Filter>
    </ClInclude>
    <ClInclude Include="SceneAxisInfo.h">
      <Filter>Source Files\SceneInfo</Filter>
    </ClInclude>
    <ClInclude Include="..\..\Common\Asset\Model.h">
      <Filter>Common</Filter>
    </ClInclude>
    <ClInclude Include="..\..\Common\Asset\Animation.h">
      <Filter>Common</Filter>
    </ClInclude>
    <ClInclude Include="..\..\Common\MathType\MathType.h">
      <Filter>Common</Filter>
    </ClInclude>
    <ClInclude Include="..\..\Common\GeometryType\GeometryType.h">
      <Filter>Common</Filter>
    </ClInclude>
    <ClInclude Include="..\..\Interface\FBXImporter\IFBXImporter.h">
      <Filter>Interface</Filter>
    </ClInclude>
    <ClInclude Include="..\..\Common\VertexType\VertexType.h">
      <Filter>Common</Filter>
    </ClInclude>
  </ItemGroup>
  <ItemGroup>
    <ClCompile Include="stdafx.cpp">
      <Filter>Precompiled Header</Filter>
    </ClCompile>
    <ClCompile Include="dllmain.cpp">
      <Filter>Source Files\Main</Filter>
    </ClCompile>
    <ClCompile Include="FBXImporter.cpp">
      <Filter>Source Files\Importer</Filter>
    </ClCompile>
    <ClCompile Include="SceneAxisInfo.cpp">
      <Filter>Source Files\SceneInfo</Filter>
    </ClCompile>
  </ItemGroup>
</Project>