<?xml version="1.0" encoding="utf-8"?>
<Project ToolsVersion="4.0" xmlns="http://schemas.microsoft.com/developer/msbuild/2003">
  <ItemGroup>
    <Filter Include="Source Files">
      <UniqueIdentifier>{4FC737F1-C7A5-4376-A066-2A32D752A2FF}</UniqueIdentifier>
      <Extensions>cpp;c;cc;cxx;c++;cppm;ixx;def;odl;idl;hpj;bat;asm;asmx</Extensions>
    </Filter>
    <Filter Include="Header Files">
      <UniqueIdentifier>{93995380-89BD-4b04-88EB-625FBE52EBFB}</UniqueIdentifier>
      <Extensions>h;hh;hpp;hxx;h++;hm;inl;inc;ipp;xsd</Extensions>
    </Filter>
    <Filter Include="Resource Files">
      <UniqueIdentifier>{67DA6AB6-F800-4c08-8B7A-83BB121AAD01}</UniqueIdentifier>
      <Extensions>rc;ico;cur;bmp;dlg;rc2;rct;bin;rgs;gif;jpg;jpeg;jpe;resx;tiff;tif;png;wav;mfcribbon-ms</Extensions>
    </Filter>
    <Filter Include="Precompiled Header">
      <UniqueIdentifier>{040685c1-1330-47bf-8ef2-85040860973a}</UniqueIdentifier>
    </Filter>
    <Filter Include="Source Files\Math">
      <UniqueIdentifier>{b2ef38be-dc78-43bf-afb8-185fcfc01707}</UniqueIdentifier>
    </Filter>
    <Filter Include="Source Files\Main">
      <UniqueIdentifier>{e71c8b57-445b-437a-8e6e-f042f19af3a5}</UniqueIdentifier>
    </Filter>
    <Filter Include="Source Files\Container">
      <UniqueIdentifier>{81d9f3ef-3bb6-4c2a-afc7-11f6e3600a76}</UniqueIdentifier>
    </Filter>
    <Filter Include="Common">
      <UniqueIdentifier>{72526a19-73a4-4342-a579-f2c8d064a94b}</UniqueIdentifier>
    </Filter>
  </ItemGroup>
  <ItemGroup>
    <ClInclude Include="stdafx.h">
      <Filter>Precompiled Header</Filter>
    </ClInclude>
    <ClInclude Include="Math.h">
      <Filter>Source Files\Math</Filter>
    </ClInclude>
    <ClInclude Include="LinkedList.h">
      <Filter>Source Files\Container</Filter>
    </ClInclude>
    <ClInclude Include="HashTable.h">
      <Filter>Source Files\Container</Filter>
    </ClInclude>
    <ClInclude Include="..\..\Common\MathType\MathType.h">
      <Filter>Common</Filter>
    </ClInclude>
    <ClInclude Include="..\..\Common\GeometryType\GeometryType.h">
      <Filter>Common</Filter>
    </ClInclude>
  </ItemGroup>
  <ItemGroup>
    <ClCompile Include="stdafx.cpp">
      <Filter>Precompiled Header</Filter>
    </ClCompile>
    <ClCompile Include="Math.cpp">
      <Filter>Source Files\Math</Filter>
    </ClCompile>
    <ClCompile Include="LinkedList.cpp">
      <Filter>Source Files\Container</Filter>
    </ClCompile>
    <ClCompile Include="HashTable.cpp">
      <Filter>Source Files\Container</Filter>
    </ClCompile>
    <ClCompile Include="dllmain.cpp">
      <Filter>Source Files\Main</Filter>
    </ClCompile>
  </ItemGroup>
  <ItemGroup>
    <None Include="cpp.hint" />
  </ItemGroup>
</Project>